
Microsoft Visual Studio Solution File, Format Version 12.00
# Visual Studio Version 17
VisualStudioVersion = 17.4.33103.184
MinimumVisualStudioVersion = 10.0.40219.1
Project("{2150E333-8FDC-42A3-9474-1A3956D46DE8}") = "src", "src", "{86309CF6-0054-4CE3-BFD3-CA0AA7DB17BC}"
	ProjectSection(SolutionItems) = preProject
		src\Directory.Build.props = src\Directory.Build.props
		src\Directory.Build.targets = src\Directory.Build.targets
	EndProjectSection
EndProject
Project("{9A19103F-16F7-4668-BE54-9A1E7A4F7556}") = "MessagePack", "src\MessagePack\MessagePack.csproj", "{7ABB33EE-A2F1-492B-8DAF-5DF89F0F0B79}"
EndProject
Project("{9A19103F-16F7-4668-BE54-9A1E7A4F7556}") = "MessagePack.UnityShims", "src\MessagePack.UnityShims\MessagePack.UnityShims.csproj", "{C01E1407-7FEC-4C1D-B0B4-74D95A317AA6}"
EndProject
Project("{9A19103F-16F7-4668-BE54-9A1E7A4F7556}") = "MessagePack.ReactiveProperty", "src\MessagePack.ReactiveProperty\MessagePack.ReactiveProperty.csproj", "{166A16C0-B89F-41AF-956A-235C6CA62C25}"
EndProject
Project("{9A19103F-16F7-4668-BE54-9A1E7A4F7556}") = "MessagePack.ImmutableCollection", "src\MessagePack.ImmutableCollection\MessagePack.ImmutableCollection.csproj", "{E066F547-7261-4561-AEFC-E64DBFD874F8}"
EndProject
Project("{9A19103F-16F7-4668-BE54-9A1E7A4F7556}") = "MessagePack.Annotations", "src\MessagePack.Annotations\MessagePack.Annotations.csproj", "{85763F30-7733-44AB-89AB-D1B64F6E0D93}"
EndProject
Project("{2150E333-8FDC-42A3-9474-1A3956D46DE8}") = "Solution Items", "Solution Items", "{5BAF9120-1293-449E-975C-A373E9DE7F69}"
	ProjectSection(SolutionItems) = preProject
		.gitignore = .gitignore
	EndProjectSection
EndProject
Project("{9A19103F-16F7-4668-BE54-9A1E7A4F7556}") = "MessagePack.Experimental", "src\MessagePack.Experimental\MessagePack.Experimental.csproj", "{AC2503A7-736D-4AE6-9355-CF35D9DF6139}"
EndProject
Project("{9A19103F-16F7-4668-BE54-9A1E7A4F7556}") = "MessagePack.Analyzers", "src\MessagePack.Analyzers\MessagePack.Analyzers.csproj", "{EB77463C-9D06-4AAE-84F0-470988D30DA0}"
EndProject
Global
	GlobalSection(SolutionConfigurationPlatforms) = preSolution
		Debug|Any CPU = Debug|Any CPU
		Release|Any CPU = Release|Any CPU
	EndGlobalSection
	GlobalSection(ProjectConfigurationPlatforms) = postSolution
		{7ABB33EE-A2F1-492B-8DAF-5DF89F0F0B79}.Debug|Any CPU.ActiveCfg = Debug|Any CPU
		{7ABB33EE-A2F1-492B-8DAF-5DF89F0F0B79}.Debug|Any CPU.Build.0 = Debug|Any CPU
		{7ABB33EE-A2F1-492B-8DAF-5DF89F0F0B79}.Release|Any CPU.ActiveCfg = Release|Any CPU
		{7ABB33EE-A2F1-492B-8DAF-5DF89F0F0B79}.Release|Any CPU.Build.0 = Release|Any CPU
		{C01E1407-7FEC-4C1D-B0B4-74D95A317AA6}.Debug|Any CPU.ActiveCfg = Debug|Any CPU
		{C01E1407-7FEC-4C1D-B0B4-74D95A317AA6}.Debug|Any CPU.Build.0 = Debug|Any CPU
		{C01E1407-7FEC-4C1D-B0B4-74D95A317AA6}.Release|Any CPU.ActiveCfg = Release|Any CPU
		{C01E1407-7FEC-4C1D-B0B4-74D95A317AA6}.Release|Any CPU.Build.0 = Release|Any CPU
		{166A16C0-B89F-41AF-956A-235C6CA62C25}.Debug|Any CPU.ActiveCfg = Debug|Any CPU
		{166A16C0-B89F-41AF-956A-235C6CA62C25}.Debug|Any CPU.Build.0 = Debug|Any CPU
		{166A16C0-B89F-41AF-956A-235C6CA62C25}.Release|Any CPU.ActiveCfg = Release|Any CPU
		{166A16C0-B89F-41AF-956A-235C6CA62C25}.Release|Any CPU.Build.0 = Release|Any CPU
		{E066F547-7261-4561-AEFC-E64DBFD874F8}.Debug|Any CPU.ActiveCfg = Debug|Any CPU
		{E066F547-7261-4561-AEFC-E64DBFD874F8}.Debug|Any CPU.Build.0 = Debug|Any CPU
		{E066F547-7261-4561-AEFC-E64DBFD874F8}.Release|Any CPU.ActiveCfg = Release|Any CPU
		{E066F547-7261-4561-AEFC-E64DBFD874F8}.Release|Any CPU.Build.0 = Release|Any CPU
		{85763F30-7733-44AB-89AB-D1B64F6E0D93}.Debug|Any CPU.ActiveCfg = Debug|Any CPU
		{85763F30-7733-44AB-89AB-D1B64F6E0D93}.Debug|Any CPU.Build.0 = Debug|Any CPU
		{85763F30-7733-44AB-89AB-D1B64F6E0D93}.Release|Any CPU.ActiveCfg = Release|Any CPU
		{85763F30-7733-44AB-89AB-D1B64F6E0D93}.Release|Any CPU.Build.0 = Release|Any CPU
		{AC2503A7-736D-4AE6-9355-CF35D9DF6139}.Debug|Any CPU.ActiveCfg = Debug|Any CPU
		{AC2503A7-736D-4AE6-9355-CF35D9DF6139}.Debug|Any CPU.Build.0 = Debug|Any CPU
		{AC2503A7-736D-4AE6-9355-CF35D9DF6139}.Release|Any CPU.ActiveCfg = Release|Any CPU
		{AC2503A7-736D-4AE6-9355-CF35D9DF6139}.Release|Any CPU.Build.0 = Release|Any CPU
		{EB77463C-9D06-4AAE-84F0-470988D30DA0}.Debug|Any CPU.ActiveCfg = Debug|Any CPU
		{EB77463C-9D06-4AAE-84F0-470988D30DA0}.Debug|Any CPU.Build.0 = Debug|Any CPU
		{EB77463C-9D06-4AAE-84F0-470988D30DA0}.Release|Any CPU.ActiveCfg = Release|Any CPU
		{EB77463C-9D06-4AAE-84F0-470988D30DA0}.Release|Any CPU.Build.0 = Release|Any CPU
	EndGlobalSection
	GlobalSection(SolutionProperties) = preSolution
		HideSolutionNode = FALSE
	EndGlobalSection
	GlobalSection(NestedProjects) = preSolution
		{7ABB33EE-A2F1-492B-8DAF-5DF89F0F0B79} = {86309CF6-0054-4CE3-BFD3-CA0AA7DB17BC}
		{C01E1407-7FEC-4C1D-B0B4-74D95A317AA6} = {86309CF6-0054-4CE3-BFD3-CA0AA7DB17BC}
		{166A16C0-B89F-41AF-956A-235C6CA62C25} = {86309CF6-0054-4CE3-BFD3-CA0AA7DB17BC}
		{E066F547-7261-4561-AEFC-E64DBFD874F8} = {86309CF6-0054-4CE3-BFD3-CA0AA7DB17BC}
		{85763F30-7733-44AB-89AB-D1B64F6E0D93} = {86309CF6-0054-4CE3-BFD3-CA0AA7DB17BC}
		{AC2503A7-736D-4AE6-9355-CF35D9DF6139} = {86309CF6-0054-4CE3-BFD3-CA0AA7DB17BC}
		{EB77463C-9D06-4AAE-84F0-470988D30DA0} = {86309CF6-0054-4CE3-BFD3-CA0AA7DB17BC}
	EndGlobalSection
	GlobalSection(ExtensibilityGlobals) = postSolution
		SolutionGuid = {B3911209-2DBF-47F8-98F6-BBC0EDFE63DE}
	EndGlobalSection
EndGlobal
